# This file is generated by running "yarn install" inside your project.
# Manual changes might be lost - proceed with caution!

__metadata:
  version: 6
  cacheKey: 8

"accepts@npm:~1.3.5":
  version: 1.3.8
  resolution: "accepts@npm:1.3.8"
  dependencies:
    mime-types: ~2.1.34
    negotiator: 0.6.3
  checksum: 50c43d32e7b50285ebe84b613ee4a3aa426715a7d131b65b786e2ead0fd76b6b60091b9916d3478a75f11f162628a2139991b6c03ab3f1d9ab7c86075dc8eab4
  languageName: node
  linkType: hard

"array-flatten@npm:1.1.1":
  version: 1.1.1
  resolution: "array-flatten@npm:1.1.1"
  checksum: a9925bf3512d9dce202112965de90c222cd59a4fbfce68a0951d25d965cf44642931f40aac72309c41f12df19afa010ecadceb07cfff9ccc1621e99d89ab5f3b
  languageName: node
  linkType: hard

"basic-auth@npm:~2.0.0":
  version: 2.0.1
  resolution: "basic-auth@npm:2.0.1"
  dependencies:
    safe-buffer: 5.1.2
  checksum: 3419b805d5dfc518f3a05dcf42aa53aa9ce820e50b6df5097f9e186322e1bc733c36722b624802cd37e791035aa73b828ed814d8362333d42d7f5cd04d7a5e48
  languageName: node
  linkType: hard

"body-parser@npm:1.18.3":
  version: 1.18.3
  resolution: "body-parser@npm:1.18.3"
  dependencies:
    bytes: 3.0.0
    content-type: ~1.0.4
    debug: 2.6.9
    depd: ~1.1.2
    http-errors: ~1.6.3
    iconv-lite: 0.4.23
    on-finished: ~2.3.0
    qs: 6.5.2
    raw-body: 2.3.3
    type-is: ~1.6.16
  checksum: cc36c3342d459eee9c96fc634273ae0ab4e1ee265b4195b0fa8f898914eaac77e6d755d2c0bd8d49140347c4da84b8fa166f2c654a741a76b2ef681aae1dbfb5
  languageName: node
  linkType: hard

"bytes@npm:3.0.0":
  version: 3.0.0
  resolution: "bytes@npm:3.0.0"
  checksum: a2b386dd8188849a5325f58eef69c3b73c51801c08ffc6963eddc9be244089ba32d19347caf6d145c86f315ae1b1fc7061a32b0c1aa6379e6a719090287ed101
  languageName: node
  linkType: hard

"content-disposition@npm:0.5.2":
  version: 0.5.2
  resolution: "content-disposition@npm:0.5.2"
  checksum: 298d7da63255a38f7858ee19c7b6aae32b167e911293174b4c1349955e97e78e1d0b0d06c10e229405987275b417cf36ff65cbd4821a98bc9df4e41e9372cde7
  languageName: node
  linkType: hard

"content-type@npm:~1.0.4":
  version: 1.0.5
  resolution: "content-type@npm:1.0.5"
  checksum: 566271e0a251642254cde0f845f9dd4f9856e52d988f4eb0d0dcffbb7a1f8ec98de7a5215fc628f3bce30fe2fb6fd2bc064b562d721658c59b544e2d34ea2766
  languageName: node
  linkType: hard

"cookie-parser@npm:~1.4.4":
  version: 1.4.6
  resolution: "cookie-parser@npm:1.4.6"
  dependencies:
    cookie: 0.4.1
    cookie-signature: 1.0.6
  checksum: 1e5a63aa82e8eb4e02d2977c6902983dee87b02e87ec5ec43ac3cb1e72da354003716570cd5190c0ad9e8a454c9d3237f4ad6e2f16d0902205a96a1c72b77ba5
  languageName: node
  linkType: hard

"cookie-signature@npm:1.0.6":
  version: 1.0.6
  resolution: "cookie-signature@npm:1.0.6"
  checksum: f4e1b0a98a27a0e6e66fd7ea4e4e9d8e038f624058371bf4499cfcd8f3980be9a121486995202ba3fca74fbed93a407d6d54d43a43f96fd28d0bd7a06761591a
  languageName: node
  linkType: hard

"cookie@npm:0.3.1":
  version: 0.3.1
  resolution: "cookie@npm:0.3.1"
  checksum: 5309937344947a049283573861c24bed054fac3334ce5a0fa74b9bc6bf39bd387d3a0fca7f3ed6f4a09f112de82c00b541a0e7d6ce7a8de0f5d1301eec799730
  languageName: node
  linkType: hard

"cookie@npm:0.4.1":
  version: 0.4.1
  resolution: "cookie@npm:0.4.1"
  checksum: bd7c47f5d94ab70ccdfe8210cde7d725880d2fcda06d8e375afbdd82de0c8d3b73541996e9ce57d35f67f672c4ee6d60208adec06b3c5fc94cebb85196084cf8
  languageName: node
  linkType: hard

"debug@npm:2.6.9, debug@npm:~2.6.9":
  version: 2.6.9
  resolution: "debug@npm:2.6.9"
  dependencies:
    ms: 2.0.0
  checksum: d2f51589ca66df60bf36e1fa6e4386b318c3f1e06772280eea5b1ae9fd3d05e9c2b7fd8a7d862457d00853c75b00451aa2d7459b924629ee385287a650f58fe6
  languageName: node
  linkType: hard

"depd@npm:~1.1.2":
  version: 1.1.2
  resolution: "depd@npm:1.1.2"
  checksum: 6b406620d269619852885ce15965272b829df6f409724415e0002c8632ab6a8c0a08ec1f0bd2add05dc7bd7507606f7e2cc034fa24224ab829580040b835ecd9
  languageName: node
  linkType: hard

"destroy@npm:~1.0.4":
  version: 1.0.4
  resolution: "destroy@npm:1.0.4"
  checksum: da9ab4961dc61677c709da0c25ef01733042614453924d65636a7db37308fef8a24cd1e07172e61173d471ca175371295fbc984b0af5b2b4ff47cd57bd784c03
  languageName: node
  linkType: hard

"ee-first@npm:1.1.1":
  version: 1.1.1
  resolution: "ee-first@npm:1.1.1"
  checksum: 1b4cac778d64ce3b582a7e26b218afe07e207a0f9bfe13cc7395a6d307849cfe361e65033c3251e00c27dd060cab43014c2d6b2647676135e18b77d2d05b3f4f
  languageName: node
  linkType: hard

"ejs@npm:~2.6.1":
  version: 2.6.2
  resolution: "ejs@npm:2.6.2"
  checksum: 3f0432699fdd92a56769b7e144b40d786b8c47eec27ddfa1d4fcd39b2e279872bf9d3d461321dc331da33db4b7a844a070eed09caae4f99830000a76dfb64737
  languageName: node
  linkType: hard

"encodeurl@npm:~1.0.2":
  version: 1.0.2
  resolution: "encodeurl@npm:1.0.2"
  checksum: e50e3d508cdd9c4565ba72d2012e65038e5d71bdc9198cb125beb6237b5b1ade6c0d343998da9e170fb2eae52c1bed37d4d6d98a46ea423a0cddbed5ac3f780c
  languageName: node
  linkType: hard

"escape-html@npm:~1.0.3":
  version: 1.0.3
  resolution: "escape-html@npm:1.0.3"
  checksum: 6213ca9ae00d0ab8bccb6d8d4e0a98e76237b2410302cf7df70aaa6591d509a2a37ce8998008cbecae8fc8ffaadf3fb0229535e6a145f3ce0b211d060decbb24
  languageName: node
  linkType: hard

"etag@npm:~1.8.1":
  version: 1.8.1
  resolution: "etag@npm:1.8.1"
  checksum: 571aeb3dbe0f2bbd4e4fadbdb44f325fc75335cd5f6f6b6a091e6a06a9f25ed5392f0863c5442acb0646787446e816f13cbfc6edce5b07658541dff573cab1ff
  languageName: node
  linkType: hard

"express@npm:~4.16.1":
  version: 4.16.4
  resolution: "express@npm:4.16.4"
  dependencies:
    accepts: ~1.3.5
    array-flatten: 1.1.1
    body-parser: 1.18.3
    content-disposition: 0.5.2
    content-type: ~1.0.4
    cookie: 0.3.1
    cookie-signature: 1.0.6
    debug: 2.6.9
    depd: ~1.1.2
    encodeurl: ~1.0.2
    escape-html: ~1.0.3
    etag: ~1.8.1
    finalhandler: 1.1.1
    fresh: 0.5.2
    merge-descriptors: 1.0.1
    methods: ~1.1.2
    on-finished: ~2.3.0
    parseurl: ~1.3.2
    path-to-regexp: 0.1.7
    proxy-addr: ~2.0.4
    qs: 6.5.2
    range-parser: ~1.2.0
    safe-buffer: 5.1.2
    send: 0.16.2
    serve-static: 1.13.2
    setprototypeof: 1.1.0
    statuses: ~1.4.0
    type-is: ~1.6.16
    utils-merge: 1.0.1
    vary: ~1.1.2
  checksum: 8afe4712248406147f59b369cf5f91f5b1ea4bcd7936dffd67de4466070248fdc7ca2439778077035fd6cdf10a9e55dba245d44acaac7ee2042e368f5560767d
  languageName: node
  linkType: hard

"finalhandler@npm:1.1.1":
  version: 1.1.1
  resolution: "finalhandler@npm:1.1.1"
  dependencies:
    debug: 2.6.9
    encodeurl: ~1.0.2
    escape-html: ~1.0.3
    on-finished: ~2.3.0
    parseurl: ~1.3.2
    statuses: ~1.4.0
    unpipe: ~1.0.0
  checksum: a5d824c28666110f985ce0d76f95e2fcae246b86a91d3a4bed5e1471b2446fd20d9b0cf2138569d7dfd558777e83014571bf82b9237249c6be99382d5932ee12
  languageName: node
  linkType: hard

"forwarded@npm:0.2.0":
  version: 0.2.0
  resolution: "forwarded@npm:0.2.0"
  checksum: fd27e2394d8887ebd16a66ffc889dc983fbbd797d5d3f01087c020283c0f019a7d05ee85669383d8e0d216b116d720fc0cef2f6e9b7eb9f4c90c6e0bc7fd28e6
  languageName: node
  linkType: hard

"fresh@npm:0.5.2":
  version: 0.5.2
  resolution: "fresh@npm:0.5.2"
  checksum: 13ea8b08f91e669a64e3ba3a20eb79d7ca5379a81f1ff7f4310d54e2320645503cc0c78daedc93dfb6191287295f6479544a649c64d8e41a1c0fb0c221552346
  languageName: node
  linkType: hard

"http-errors@npm:1.6.3, http-errors@npm:~1.6.2, http-errors@npm:~1.6.3":
  version: 1.6.3
  resolution: "http-errors@npm:1.6.3"
  dependencies:
    depd: ~1.1.2
    inherits: 2.0.3
    setprototypeof: 1.1.0
    statuses: ">= 1.4.0 < 2"
  checksum: a9654ee027e3d5de305a56db1d1461f25709ac23267c6dc28cdab8323e3f96caa58a9a6a5e93ac15d7285cee0c2f019378c3ada9026e7fe19c872d695f27de7c
  languageName: node
  linkType: hard

"iconv-lite@npm:0.4.23":
  version: 0.4.23
  resolution: "iconv-lite@npm:0.4.23"
  dependencies:
    safer-buffer: ">= 2.1.2 < 3"
  checksum: cb017a7eaeab413ff098f940e1998321f233497ba07c0c7e74fbe8c1f3944ff430145db0e324eae5fd0f59cd6dced628ba2842b4d404de38c7477a98c002a456
  languageName: node
  linkType: hard

"inherits@npm:2.0.3":
  version: 2.0.3
  resolution: "inherits@npm:2.0.3"
  checksum: 78cb8d7d850d20a5e9a7f3620db31483aa00ad5f722ce03a55b110e5a723539b3716a3b463e2b96ce3fe286f33afc7c131fa2f91407528ba80cea98a7545d4c0
  languageName: node
  linkType: hard

"ipaddr.js@npm:1.9.1":
  version: 1.9.1
  resolution: "ipaddr.js@npm:1.9.1"
  checksum: f88d3825981486f5a1942414c8d77dd6674dd71c065adcfa46f578d677edcb99fda25af42675cb59db492fdf427b34a5abfcde3982da11a8fd83a500b41cfe77
  languageName: node
  linkType: hard

"media-typer@npm:0.3.0":
  version: 0.3.0
  resolution: "media-typer@npm:0.3.0"
  checksum: af1b38516c28ec95d6b0826f6c8f276c58aec391f76be42aa07646b4e39d317723e869700933ca6995b056db4b09a78c92d5440dc23657e6764be5d28874bba1
  languageName: node
  linkType: hard

"merge-descriptors@npm:1.0.1":
  version: 1.0.1
  resolution: "merge-descriptors@npm:1.0.1"
  checksum: 5abc259d2ae25bb06d19ce2b94a21632583c74e2a9109ee1ba7fd147aa7362b380d971e0251069f8b3eb7d48c21ac839e21fa177b335e82c76ec172e30c31a26
  languageName: node
  linkType: hard

"methods@npm:~1.1.2":
  version: 1.1.2
  resolution: "methods@npm:1.1.2"
  checksum: 0917ff4041fa8e2f2fda5425a955fe16ca411591fbd123c0d722fcf02b73971ed6f764d85f0a6f547ce49ee0221ce2c19a5fa692157931cecb422984f1dcd13a
  languageName: node
  linkType: hard

"mime-db@npm:1.52.0":
  version: 1.52.0
  resolution: "mime-db@npm:1.52.0"
  checksum: 0d99a03585f8b39d68182803b12ac601d9c01abfa28ec56204fa330bc9f3d1c5e14beb049bafadb3dbdf646dfb94b87e24d4ec7b31b7279ef906a8ea9b6a513f
  languageName: node
  linkType: hard

"mime-types@npm:~2.1.24, mime-types@npm:~2.1.34":
  version: 2.1.35
  resolution: "mime-types@npm:2.1.35"
  dependencies:
    mime-db: 1.52.0
  checksum: 89a5b7f1def9f3af5dad6496c5ed50191ae4331cc5389d7c521c8ad28d5fdad2d06fd81baf38fed813dc4e46bb55c8145bb0ff406330818c9cf712fb2e9b3836
  languageName: node
  linkType: hard

"mime@npm:1.4.1":
  version: 1.4.1
  resolution: "mime@npm:1.4.1"
  bin:
    mime: cli.js
  checksum: 14c9de5c801ddad82619b66049f3314bbced9667689eed769fab64a323e79b3535ab650e9607670e52371b16436a49af3c0473d965ec743de931cb5d73d3adba
  languageName: node
  linkType: hard

"morgan@npm:~1.9.1":
  version: 1.9.1
  resolution: "morgan@npm:1.9.1"
  dependencies:
    basic-auth: ~2.0.0
    debug: 2.6.9
    depd: ~1.1.2
    on-finished: ~2.3.0
    on-headers: ~1.0.1
  checksum: 69584328686c2cb2b7b8e69000cdf8f4d02218b6539870dae9266239506a9f1cd212635441899d6c446716462976bdd594251b598ba5cb494ef65420aff1399a
  languageName: node
  linkType: hard

"ms@npm:2.0.0":
  version: 2.0.0
  resolution: "ms@npm:2.0.0"
  checksum: 0e6a22b8b746d2e0b65a430519934fefd41b6db0682e3477c10f60c76e947c4c0ad06f63ffdf1d78d335f83edee8c0aa928aa66a36c7cd95b69b26f468d527f4
  languageName: node
  linkType: hard

"negotiator@npm:0.6.3":
  version: 0.6.3
  resolution: "negotiator@npm:0.6.3"
  checksum: b8ffeb1e262eff7968fc90a2b6767b04cfd9842582a9d0ece0af7049537266e7b2506dfb1d107a32f06dd849ab2aea834d5830f7f4d0e5cb7d36e1ae55d021d9
  languageName: node
  linkType: hard

"on-finished@npm:~2.3.0":
  version: 2.3.0
  resolution: "on-finished@npm:2.3.0"
  dependencies:
    ee-first: 1.1.1
  checksum: 1db595bd963b0124d6fa261d18320422407b8f01dc65863840f3ddaaf7bcad5b28ff6847286703ca53f4ec19595bd67a2f1253db79fc4094911ec6aa8df1671b
  languageName: node
  linkType: hard

"on-headers@npm:~1.0.1":
  version: 1.0.2
  resolution: "on-headers@npm:1.0.2"
  checksum: 2bf13467215d1e540a62a75021e8b318a6cfc5d4fc53af8e8f84ad98dbcea02d506c6d24180cd62e1d769c44721ba542f3154effc1f7579a8288c9f7873ed8e5
  languageName: node
  linkType: hard

"parseurl@npm:~1.3.2":
  version: 1.3.3
  resolution: "parseurl@npm:1.3.3"
  checksum: 407cee8e0a3a4c5cd472559bca8b6a45b82c124e9a4703302326e9ab60fc1081442ada4e02628efef1eb16197ddc7f8822f5a91fd7d7c86b51f530aedb17dfa2
  languageName: node
  linkType: hard

"path-to-regexp@npm:0.1.7":
  version: 0.1.7
  resolution: "path-to-regexp@npm:0.1.7"
  checksum: 69a14ea24db543e8b0f4353305c5eac6907917031340e5a8b37df688e52accd09e3cebfe1660b70d76b6bd89152f52183f28c74813dbf454ba1a01c82a38abce
  languageName: node
  linkType: hard

"proxy-addr@npm:~2.0.4":
  version: 2.0.7
  resolution: "proxy-addr@npm:2.0.7"
  dependencies:
    forwarded: 0.2.0
    ipaddr.js: 1.9.1
  checksum: 29c6990ce9364648255454842f06f8c46fcd124d3e6d7c5066df44662de63cdc0bad032e9bf5a3d653ff72141cc7b6019873d685708ac8210c30458ad99f2b74
  languageName: node
  linkType: hard

"qs@npm:6.5.2":
  version: 6.5.2
  resolution: "qs@npm:6.5.2"
  checksum: 24af7b9928ba2141233fba2912876ff100403dba1b08b20c3b490da9ea6c636760445ea2211a079e7dfa882a5cf8f738337b3748c8bdd0f93358fa8881d2db8f
  languageName: node
  linkType: hard

"range-parser@npm:~1.2.0":
  version: 1.2.1
  resolution: "range-parser@npm:1.2.1"
  checksum: 0a268d4fea508661cf5743dfe3d5f47ce214fd6b7dec1de0da4d669dd4ef3d2144468ebe4179049eff253d9d27e719c88dae55be64f954e80135a0cada804ec9
  languageName: node
  linkType: hard

"raw-body@npm:2.3.3":
  version: 2.3.3
  resolution: "raw-body@npm:2.3.3"
  dependencies:
    bytes: 3.0.0
    http-errors: 1.6.3
    iconv-lite: 0.4.23
    unpipe: 1.0.0
  checksum: 9b10ad806e4f95e7ec2a703284d03abc0e612e24e77cd2cda57052e1934d750501c14bfcfdcae3e696ff7bb097a450246ad9376b7338ca251a20ae9e813b92d7
  languageName: node
  linkType: hard

"safe-buffer@npm:5.1.2":
  version: 5.1.2
  resolution: "safe-buffer@npm:5.1.2"
  checksum: f2f1f7943ca44a594893a852894055cf619c1fbcb611237fc39e461ae751187e7baf4dc391a72125e0ac4fb2d8c5c0b3c71529622e6a58f46b960211e704903c
  languageName: node
  linkType: hard

"safer-buffer@npm:>= 2.1.2 < 3":
  version: 2.1.2
  resolution: "safer-buffer@npm:2.1.2"
  checksum: cab8f25ae6f1434abee8d80023d7e72b598cf1327164ddab31003c51215526801e40b66c5e65d658a0af1e9d6478cadcb4c745f4bd6751f97d8644786c0978b0
  languageName: node
  linkType: hard

"send@npm:0.16.2":
  version: 0.16.2
  resolution: "send@npm:0.16.2"
  dependencies:
    debug: 2.6.9
    depd: ~1.1.2
    destroy: ~1.0.4
    encodeurl: ~1.0.2
    escape-html: ~1.0.3
    etag: ~1.8.1
    fresh: 0.5.2
    http-errors: ~1.6.2
    mime: 1.4.1
    ms: 2.0.0
    on-finished: ~2.3.0
    range-parser: ~1.2.0
    statuses: ~1.4.0
  checksum: 54775ccc7ecc1ab5e7c8dd7576ce186d74c19f3adad70f0b583abb0ec33fbd6c13d59181fe2054bc21425814f23bad36120d78a99e1e86734b1f3694800700cf
  languageName: node
  linkType: hard

"serve-static@npm:1.13.2":
  version: 1.13.2
  resolution: "serve-static@npm:1.13.2"
  dependencies:
    encodeurl: ~1.0.2
    escape-html: ~1.0.3
    parseurl: ~1.3.2
    send: 0.16.2
  checksum: 19244f8744984205dc0d9c1f6327d4d13dd691401b9619096c71260c9cb0b8173328b5de1558336bf57884864a15f23949e22924f388a4813604fd768de9fd55
  languageName: node
  linkType: hard

"setprototypeof@npm:1.1.0":
  version: 1.1.0
  resolution: "setprototypeof@npm:1.1.0"
  checksum: 27cb44304d6c9e1a23bc6c706af4acaae1a7aa1054d4ec13c05f01a99fd4887109a83a8042b67ad90dbfcd100d43efc171ee036eb080667172079213242ca36e
  languageName: node
  linkType: hard

"statuses@npm:>= 1.4.0 < 2":
  version: 1.5.0
  resolution: "statuses@npm:1.5.0"
  checksum: c469b9519de16a4bb19600205cffb39ee471a5f17b82589757ca7bd40a8d92ebb6ed9f98b5a540c5d302ccbc78f15dc03cc0280dd6e00df1335568a5d5758a5c
  languageName: node
  linkType: hard

"statuses@npm:~1.4.0":
  version: 1.4.0
  resolution: "statuses@npm:1.4.0"
  checksum: a9e7fbd3bc4859643e183101ed074c877fb70fb2d32379320713e78106360ef0d41d31598e1345390cf4a003d108edecb9607eb466bfbc31ec808c13a527434f
  languageName: node
  linkType: hard

"ticket-haven-server@workspace:.":
  version: 0.0.0-use.local
  resolution: "ticket-haven-server@workspace:."
  dependencies:
    cookie-parser: ~1.4.4
    debug: ~2.6.9
    ejs: ~2.6.1
    express: ~4.16.1
    http-errors: ~1.6.3
    morgan: ~1.9.1
  languageName: unknown
  linkType: soft

"type-is@npm:~1.6.16":
  version: 1.6.18
  resolution: "type-is@npm:1.6.18"
  dependencies:
    media-typer: 0.3.0
    mime-types: ~2.1.24
  checksum: 2c8e47675d55f8b4e404bcf529abdf5036c537a04c2b20177bcf78c9e3c1da69da3942b1346e6edb09e823228c0ee656ef0e033765ec39a70d496ef601a0c657
  languageName: node
  linkType: hard

"unpipe@npm:1.0.0, unpipe@npm:~1.0.0":
  version: 1.0.0
  resolution: "unpipe@npm:1.0.0"
  checksum: 4fa18d8d8d977c55cb09715385c203197105e10a6d220087ec819f50cb68870f02942244f1017565484237f1f8c5d3cd413631b1ae104d3096f24fdfde1b4aa2
  languageName: node
  linkType: hard

"utils-merge@npm:1.0.1":
  version: 1.0.1
  resolution: "utils-merge@npm:1.0.1"
  checksum: c81095493225ecfc28add49c106ca4f09cdf56bc66731aa8dabc2edbbccb1e1bfe2de6a115e5c6a380d3ea166d1636410b62ef216bb07b3feb1cfde1d95d5080
  languageName: node
  linkType: hard

"vary@npm:~1.1.2":
  version: 1.1.2
  resolution: "vary@npm:1.1.2"
  checksum: ae0123222c6df65b437669d63dfa8c36cee20a504101b2fcd97b8bf76f91259c17f9f2b4d70a1e3c6bbcee7f51b28392833adb6b2770b23b01abec84e369660b
  languageName: node
  linkType: hard
